// !$*UTF8*$!
{
	archiveVersion = 1;
	classes = {
	};
	objectVersion = 46;
	objects = {

/* Begin PBXBuildFile section */
		0F042EB11C9BFC6A00DA48E1 /* main.m in Sources */ = {isa = PBXBuildFile; fileRef = 0F042EB01C9BFC6A00DA48E1 /* main.m */; };
		0F042EB41C9BFC6A00DA48E1 /* AppDelegate.m in Sources */ = {isa = PBXBuildFile; fileRef = 0F042EB31C9BFC6A00DA48E1 /* AppDelegate.m */; };
		0F042EBC1C9BFC6A00DA48E1 /* Assets.xcassets in Resources */ = {isa = PBXBuildFile; fileRef = 0F042EBB1C9BFC6A00DA48E1 /* Assets.xcassets */; };
		0F042EBF1C9BFC6A00DA48E1 /* LaunchScreen.storyboard in Resources */ = {isa = PBXBuildFile; fileRef = 0F042EBD1C9BFC6A00DA48E1 /* LaunchScreen.storyboard */; };
		0F042ECA1C9BFC6A00DA48E1 /* Football_NewProjectTests.m in Sources */ = {isa = PBXBuildFile; fileRef = 0F042EC91C9BFC6A00DA48E1 /* Football_NewProjectTests.m */; };
		0F042ED51C9BFC6A00DA48E1 /* Football_NewProjectUITests.m in Sources */ = {isa = PBXBuildFile; fileRef = 0F042ED41C9BFC6A00DA48E1 /* Football_NewProjectUITests.m */; };
		0F042EE41C9BFCBD00DA48E1 /* TabBarController.m in Sources */ = {isa = PBXBuildFile; fileRef = 0F042EE31C9BFCBD00DA48E1 /* TabBarController.m */; };
		0F042F161C9BFDD500DA48E1 /* MKAnnotationView+WebCache.m in Sources */ = {isa = PBXBuildFile; fileRef = 0F042EF61C9BFDD500DA48E1 /* MKAnnotationView+WebCache.m */; };
		0F042F171C9BFDD500DA48E1 /* NSData+ImageContentType.m in Sources */ = {isa = PBXBuildFile; fileRef = 0F042EF81C9BFDD500DA48E1 /* NSData+ImageContentType.m */; };
		0F042F181C9BFDD500DA48E1 /* SDImageCache.m in Sources */ = {isa = PBXBuildFile; fileRef = 0F042EFA1C9BFDD500DA48E1 /* SDImageCache.m */; };
		0F042F191C9BFDD500DA48E1 /* SDWebImageCompat.m in Sources */ = {isa = PBXBuildFile; fileRef = 0F042EFC1C9BFDD500DA48E1 /* SDWebImageCompat.m */; };
		0F042F1A1C9BFDD500DA48E1 /* SDWebImageDecoder.m in Sources */ = {isa = PBXBuildFile; fileRef = 0F042EFE1C9BFDD500DA48E1 /* SDWebImageDecoder.m */; };
		0F042F1B1C9BFDD500DA48E1 /* SDWebImageDownloader.m in Sources */ = {isa = PBXBuildFile; fileRef = 0F042F001C9BFDD500DA48E1 /* SDWebImageDownloader.m */; };
		0F042F1C1C9BFDD500DA48E1 /* SDWebImageDownloaderOperation.m in Sources */ = {isa = PBXBuildFile; fileRef = 0F042F021C9BFDD500DA48E1 /* SDWebImageDownloaderOperation.m */; };
		0F042F1D1C9BFDD500DA48E1 /* SDWebImageManager.m in Sources */ = {isa = PBXBuildFile; fileRef = 0F042F041C9BFDD500DA48E1 /* SDWebImageManager.m */; };
		0F042F1E1C9BFDD500DA48E1 /* SDWebImagePrefetcher.m in Sources */ = {isa = PBXBuildFile; fileRef = 0F042F071C9BFDD500DA48E1 /* SDWebImagePrefetcher.m */; };
		0F042F1F1C9BFDD500DA48E1 /* UIButton+WebCache.m in Sources */ = {isa = PBXBuildFile; fileRef = 0F042F091C9BFDD500DA48E1 /* UIButton+WebCache.m */; };
		0F042F201C9BFDD500DA48E1 /* UIImage+GIF.m in Sources */ = {isa = PBXBuildFile; fileRef = 0F042F0B1C9BFDD500DA48E1 /* UIImage+GIF.m */; };
		0F042F211C9BFDD500DA48E1 /* UIImage+MultiFormat.m in Sources */ = {isa = PBXBuildFile; fileRef = 0F042F0D1C9BFDD500DA48E1 /* UIImage+MultiFormat.m */; };
		0F042F221C9BFDD500DA48E1 /* UIImage+WebP.m in Sources */ = {isa = PBXBuildFile; fileRef = 0F042F0F1C9BFDD500DA48E1 /* UIImage+WebP.m */; };
		0F042F231C9BFDD500DA48E1 /* UIImageView+HighlightedWebCache.m in Sources */ = {isa = PBXBuildFile; fileRef = 0F042F111C9BFDD500DA48E1 /* UIImageView+HighlightedWebCache.m */; };
		0F042F241C9BFDD500DA48E1 /* UIImageView+WebCache.m in Sources */ = {isa = PBXBuildFile; fileRef = 0F042F131C9BFDD500DA48E1 /* UIImageView+WebCache.m */; };
		0F042F251C9BFDD500DA48E1 /* UIView+WebCacheOperation.m in Sources */ = {isa = PBXBuildFile; fileRef = 0F042F151C9BFDD500DA48E1 /* UIView+WebCacheOperation.m */; };
		0F042F291C9BFE3B00DA48E1 /* MatchViewController.m in Sources */ = {isa = PBXBuildFile; fileRef = 0F042F281C9BFE3B00DA48E1 /* MatchViewController.m */; };
		0F042F2E1C9C00C100DA48E1 /* PhotoTableViewCell.m in Sources */ = {isa = PBXBuildFile; fileRef = 0F042F2C1C9C00C100DA48E1 /* PhotoTableViewCell.m */; };
		0F042F2F1C9C00C100DA48E1 /* PhotoTableViewCell.xib in Resources */ = {isa = PBXBuildFile; fileRef = 0F042F2D1C9C00C100DA48E1 /* PhotoTableViewCell.xib */; };
		0F042F331C9C08C100DA48E1 /* MatchTableViewCell.m in Sources */ = {isa = PBXBuildFile; fileRef = 0F042F311C9C08C100DA48E1 /* MatchTableViewCell.m */; };
		0F042F341C9C08C100DA48E1 /* MatchTableViewCell.xib in Resources */ = {isa = PBXBuildFile; fileRef = 0F042F321C9C08C100DA48E1 /* MatchTableViewCell.xib */; };
		0F042F5C1C9C0CA500DA48E1 /* AFHTTPRequestOperation.m in Sources */ = {isa = PBXBuildFile; fileRef = 0F042F381C9C0CA500DA48E1 /* AFHTTPRequestOperation.m */; };
		0F042F5D1C9C0CA500DA48E1 /* AFHTTPRequestOperationManager.m in Sources */ = {isa = PBXBuildFile; fileRef = 0F042F3A1C9C0CA500DA48E1 /* AFHTTPRequestOperationManager.m */; };
		0F042F5E1C9C0CA500DA48E1 /* AFHTTPSessionManager.m in Sources */ = {isa = PBXBuildFile; fileRef = 0F042F3C1C9C0CA500DA48E1 /* AFHTTPSessionManager.m */; };
		0F042F5F1C9C0CA500DA48E1 /* AFNetworkReachabilityManager.m in Sources */ = {isa = PBXBuildFile; fileRef = 0F042F3F1C9C0CA500DA48E1 /* AFNetworkReachabilityManager.m */; };
		0F042F601C9C0CA500DA48E1 /* AFSecurityPolicy.m in Sources */ = {isa = PBXBuildFile; fileRef = 0F042F411C9C0CA500DA48E1 /* AFSecurityPolicy.m */; };
		0F042F611C9C0CA500DA48E1 /* AFURLConnectionOperation.m in Sources */ = {isa = PBXBuildFile; fileRef = 0F042F431C9C0CA500DA48E1 /* AFURLConnectionOperation.m */; };
		0F042F621C9C0CA500DA48E1 /* AFURLRequestSerialization.m in Sources */ = {isa = PBXBuildFile; fileRef = 0F042F451C9C0CA500DA48E1 /* AFURLRequestSerialization.m */; };
		0F042F631C9C0CA500DA48E1 /* AFURLResponseSerialization.m in Sources */ = {isa = PBXBuildFile; fileRef = 0F042F471C9C0CA500DA48E1 /* AFURLResponseSerialization.m */; };
		0F042F641C9C0CA500DA48E1 /* AFURLSessionManager.m in Sources */ = {isa = PBXBuildFile; fileRef = 0F042F491C9C0CA500DA48E1 /* AFURLSessionManager.m */; };
		0F042F651C9C0CA500DA48E1 /* AFNetworkActivityIndicatorManager.m in Sources */ = {isa = PBXBuildFile; fileRef = 0F042F4C1C9C0CA500DA48E1 /* AFNetworkActivityIndicatorManager.m */; };
		0F042F661C9C0CA500DA48E1 /* UIActivityIndicatorView+AFNetworking.m in Sources */ = {isa = PBXBuildFile; fileRef = 0F042F4E1C9C0CA500DA48E1 /* UIActivityIndicatorView+AFNetworking.m */; };
		0F042F671C9C0CA500DA48E1 /* UIAlertView+AFNetworking.m in Sources */ = {isa = PBXBuildFile; fileRef = 0F042F501C9C0CA500DA48E1 /* UIAlertView+AFNetworking.m */; };
		0F042F681C9C0CA500DA48E1 /* UIButton+AFNetworking.m in Sources */ = {isa = PBXBuildFile; fileRef = 0F042F521C9C0CA500DA48E1 /* UIButton+AFNetworking.m */; };
		0F042F691C9C0CA500DA48E1 /* UIImageView+AFNetworking.m in Sources */ = {isa = PBXBuildFile; fileRef = 0F042F541C9C0CA500DA48E1 /* UIImageView+AFNetworking.m */; };
		0F042F6A1C9C0CA500DA48E1 /* UIProgressView+AFNetworking.m in Sources */ = {isa = PBXBuildFile; fileRef = 0F042F571C9C0CA500DA48E1 /* UIProgressView+AFNetworking.m */; };
		0F042F6B1C9C0CA500DA48E1 /* UIRefreshControl+AFNetworking.m in Sources */ = {isa = PBXBuildFile; fileRef = 0F042F591C9C0CA500DA48E1 /* UIRefreshControl+AFNetworking.m */; };
		0F042F6C1C9C0CA500DA48E1 /* UIWebView+AFNetworking.m in Sources */ = {isa = PBXBuildFile; fileRef = 0F042F5B1C9C0CA500DA48E1 /* UIWebView+AFNetworking.m */; };
		0F042F6F1C9C0CCD00DA48E1 /* ConnectManager.m in Sources */ = {isa = PBXBuildFile; fileRef = 0F042F6E1C9C0CCD00DA48E1 /* ConnectManager.m */; };
		0F477BB51CA4D8B500B33D6D /* NewsTableViewCell.m in Sources */ = {isa = PBXBuildFile; fileRef = 0F477BB31CA4D8B500B33D6D /* NewsTableViewCell.m */; };
		0F477BB61CA4D8B500B33D6D /* NewsTableViewCell.xib in Resources */ = {isa = PBXBuildFile; fileRef = 0F477BB41CA4D8B500B33D6D /* NewsTableViewCell.xib */; };
		0F477BBC1CA4DBE100B33D6D /* NewsModel.m in Sources */ = {isa = PBXBuildFile; fileRef = 0F477BBB1CA4DBE100B33D6D /* NewsModel.m */; };
		0F477BBF1CA4DD8E00B33D6D /* MatchModel.m in Sources */ = {isa = PBXBuildFile; fileRef = 0F477BBE1CA4DD8E00B33D6D /* MatchModel.m */; };
		0F64098E1CF7464E0027B7EE /* football.png in Resources */ = {isa = PBXBuildFile; fileRef = 0F64098B1CF7464E0027B7EE /* football.png */; };
		0F64098F1CF7464E0027B7EE /* bar_graph.png in Resources */ = {isa = PBXBuildFile; fileRef = 0F64098C1CF7464E0027B7EE /* bar_graph.png */; };
		0F6409901CF7464E0027B7EE /* Trophy.png in Resources */ = {isa = PBXBuildFile; fileRef = 0F64098D1CF7464E0027B7EE /* Trophy.png */; };
		0F6B4A131CCDD58F0002F1B6 /* SystemConfiguration.framework in Frameworks */ = {isa = PBXBuildFile; fileRef = 0F6B4A121CCDD58F0002F1B6 /* SystemConfiguration.framework */; };
		0F6B4A161CCDD5B50002F1B6 /* Reachability.m in Sources */ = {isa = PBXBuildFile; fileRef = 0F6B4A151CCDD5B50002F1B6 /* Reachability.m */; };
		0F6B4A191CCDD6780002F1B6 /* ReachabilityManager.m in Sources */ = {isa = PBXBuildFile; fileRef = 0F6B4A181CCDD6780002F1B6 /* ReachabilityManager.m */; };
		0F7145311CAA530900AF5024 /* MatchDataViewController.m in Sources */ = {isa = PBXBuildFile; fileRef = 0F7145301CAA530900AF5024 /* MatchDataViewController.m */; };
		0F7145541CAA57DF00AF5024 /* MatchDataTableViewCell.m in Sources */ = {isa = PBXBuildFile; fileRef = 0F7145521CAA57DF00AF5024 /* MatchDataTableViewCell.m */; };
		0F7145551CAA57DF00AF5024 /* MatchDataTableViewCell.xib in Resources */ = {isa = PBXBuildFile; fileRef = 0F7145531CAA57DF00AF5024 /* MatchDataTableViewCell.xib */; };
		0F7145581CAA5A8100AF5024 /* MatchDataModel.m in Sources */ = {isa = PBXBuildFile; fileRef = 0F7145571CAA5A8100AF5024 /* MatchDataModel.m */; };
		0F7229A41CA3C41900CD2402 /* NewsAndVideosViewController.m in Sources */ = {isa = PBXBuildFile; fileRef = 0F7229A31CA3C41900CD2402 /* NewsAndVideosViewController.m */; };
		0F7229AA1CA3C67D00CD2402 /* NewsTableViewController.m in Sources */ = {isa = PBXBuildFile; fileRef = 0F7229A91CA3C67D00CD2402 /* NewsTableViewController.m */; };
		0F7229AD1CA3C68700CD2402 /* VideosTableViewController.m in Sources */ = {isa = PBXBuildFile; fileRef = 0F7229AC1CA3C68700CD2402 /* VideosTableViewController.m */; };
		0FFD79121CBCF6D600AFAE5D /* FMDatabase.m in Sources */ = {isa = PBXBuildFile; fileRef = 0FFD79081CBCF6D600AFAE5D /* FMDatabase.m */; };
		0FFD79131CBCF6D600AFAE5D /* FMDatabaseAdditions.m in Sources */ = {isa = PBXBuildFile; fileRef = 0FFD790A1CBCF6D600AFAE5D /* FMDatabaseAdditions.m */; };
		0FFD79141CBCF6D600AFAE5D /* FMDatabasePool.m in Sources */ = {isa = PBXBuildFile; fileRef = 0FFD790C1CBCF6D600AFAE5D /* FMDatabasePool.m */; };
		0FFD79151CBCF6D600AFAE5D /* FMDatabaseQueue.m in Sources */ = {isa = PBXBuildFile; fileRef = 0FFD790E1CBCF6D600AFAE5D /* FMDatabaseQueue.m */; };
		0FFD79161CBCF6D600AFAE5D /* FMResultSet.m in Sources */ = {isa = PBXBuildFile; fileRef = 0FFD79111CBCF6D600AFAE5D /* FMResultSet.m */; };
		0FFD79181CBD00F200AFAE5D /* libsqlite3.tbd in Frameworks */ = {isa = PBXBuildFile; fileRef = 0FFD79171CBD00F200AFAE5D /* libsqlite3.tbd */; };
		0FFEBE4A1CA4F09F0035A04D /* NewsContentViewController.m in Sources */ = {isa = PBXBuildFile; fileRef = 0FFEBE481CA4F09F0035A04D /* NewsContentViewController.m */; };
		0FFEBE4B1CA4F09F0035A04D /* NewsContentViewController.xib in Resources */ = {isa = PBXBuildFile; fileRef = 0FFEBE491CA4F09F0035A04D /* NewsContentViewController.xib */; };
		0FFEBE4E1CA8DB7D0035A04D /* NewsContentModel.m in Sources */ = {isa = PBXBuildFile; fileRef = 0FFEBE4D1CA8DB7D0035A04D /* NewsContentModel.m */; };
/* End PBXBuildFile section */

/* Begin PBXContainerItemProxy section */
		0F042EC61C9BFC6A00DA48E1 /* PBXContainerItemProxy */ = {
			isa = PBXContainerItemProxy;
			containerPortal = 0F042EA41C9BFC6A00DA48E1 /* Project object */;
			proxyType = 1;
			remoteGlobalIDString = 0F042EAB1C9BFC6A00DA48E1;
			remoteInfo = Football_NewProject;
		};
		0F042ED11C9BFC6A00DA48E1 /* PBXContainerItemProxy */ = {
			isa = PBXContainerItemProxy;
			containerPortal = 0F042EA41C9BFC6A00DA48E1 /* Project object */;
			proxyType = 1;
			remoteGlobalIDString = 0F042EAB1C9BFC6A00DA48E1;
			remoteInfo = Football_NewProject;
		};
/* End PBXContainerItemProxy section */

/* Begin PBXFileReference section */
		0F042EAC1C9BFC6A00DA48E1 /* Football_NewProject.app */ = {isa = PBXFileReference; explicitFileType = wrapper.application; includeInIndex = 0; path = Football_NewProject.app; sourceTree = BUILT_PRODUCTS_DIR; };
		0F042EB01C9BFC6A00DA48E1 /* main.m */ = {isa = PBXFileReference; lastKnownFileType = sourcecode.c.objc; path = main.m; sourceTree = "<group>"; };
		0F042EB21C9BFC6A00DA48E1 /* AppDelegate.h */ = {isa = PBXFileReference; lastKnownFileType = sourcecode.c.h; name = AppDelegate.h; path = ../../AppDelegate.h; sourceTree = "<group>"; };
		0F042EB31C9BFC6A00DA48E1 /* AppDelegate.m */ = {isa = PBXFileReference; lastKnownFileType = sourcecode.c.objc; name = AppDelegate.m; path = ../../AppDelegate.m; sourceTree = "<group>"; };
		0F042EBB1C9BFC6A00DA48E1 /* Assets.xcassets */ = {isa = PBXFileReference; lastKnownFileType = folder.assetcatalog; path = Assets.xcassets; sourceTree = "<group>"; };
		0F042EBE1C9BFC6A00DA48E1 /* Base */ = {isa = PBXFileReference; lastKnownFileType = file.storyboard; name = Base; path = Base.lproj/LaunchScreen.storyboard; sourceTree = "<group>"; };
		0F042EC01C9BFC6A00DA48E1 /* Info.plist */ = {isa = PBXFileReference; lastKnownFileType = text.plist.xml; path = Info.plist; sourceTree = "<group>"; };
		0F042EC51C9BFC6A00DA48E1 /* Football_NewProjectTests.xctest */ = {isa = PBXFileReference; explicitFileType = wrapper.cfbundle; includeInIndex = 0; path = Football_NewProjectTests.xctest; sourceTree = BUILT_PRODUCTS_DIR; };
		0F042EC91C9BFC6A00DA48E1 /* Football_NewProjectTests.m */ = {isa = PBXFileReference; lastKnownFileType = sourcecode.c.objc; path = Football_NewProjectTests.m; sourceTree = "<group>"; };
		0F042ECB1C9BFC6A00DA48E1 /* Info.plist */ = {isa = PBXFileReference; lastKnownFileType = text.plist.xml; path = Info.plist; sourceTree = "<group>"; };
		0F042ED01C9BFC6A00DA48E1 /* Football_NewProjectUITests.xctest */ = {isa = PBXFileReference; explicitFileType = wrapper.cfbundle; includeInIndex = 0; path = Football_NewProjectUITests.xctest; sourceTree = BUILT_PRODUCTS_DIR; };
		0F042ED41C9BFC6A00DA48E1 /* Football_NewProjectUITests.m */ = {isa = PBXFileReference; lastKnownFileType = sourcecode.c.objc; path = Football_NewProjectUITests.m; sourceTree = "<group>"; };
		0F042ED61C9BFC6A00DA48E1 /* Info.plist */ = {isa = PBXFileReference; lastKnownFileType = text.plist.xml; path = Info.plist; sourceTree = "<group>"; };
		0F042EE21C9BFCBD00DA48E1 /* TabBarController.h */ = {isa = PBXFileReference; fileEncoding = 4; lastKnownFileType = sourcecode.c.h; name = TabBarController.h; path = ../../TabBarController.h; sourceTree = "<group>"; };
		0F042EE31C9BFCBD00DA48E1 /* TabBarController.m */ = {isa = PBXFileReference; fileEncoding = 4; lastKnownFileType = sourcecode.c.objc; name = TabBarController.m; path = ../../TabBarController.m; sourceTree = "<group>"; };
		0F042EF51C9BFDD500DA48E1 /* MKAnnotationView+WebCache.h */ = {isa = PBXFileReference; fileEncoding = 4; lastKnownFileType = sourcecode.c.h; path = "MKAnnotationView+WebCache.h"; sourceTree = "<group>"; };
		0F042EF61C9BFDD500DA48E1 /* MKAnnotationView+WebCache.m */ = {isa = PBXFileReference; fileEncoding = 4; lastKnownFileType = sourcecode.c.objc; path = "MKAnnotationView+WebCache.m"; sourceTree = "<group>"; };
		0F042EF71C9BFDD500DA48E1 /* NSData+ImageContentType.h */ = {isa = PBXFileReference; fileEncoding = 4; lastKnownFileType = sourcecode.c.h; path = "NSData+ImageContentType.h"; sourceTree = "<group>"; };
		0F042EF81C9BFDD500DA48E1 /* NSData+ImageContentType.m */ = {isa = PBXFileReference; fileEncoding = 4; lastKnownFileType = sourcecode.c.objc; path = "NSData+ImageContentType.m"; sourceTree = "<group>"; };
		0F042EF91C9BFDD500DA48E1 /* SDImageCache.h */ = {isa = PBXFileReference; fileEncoding = 4; lastKnownFileType = sourcecode.c.h; path = SDImageCache.h; sourceTree = "<group>"; };
		0F042EFA1C9BFDD500DA48E1 /* SDImageCache.m */ = {isa = PBXFileReference; fileEncoding = 4; lastKnownFileType = sourcecode.c.objc; path = SDImageCache.m; sourceTree = "<group>"; };
		0F042EFB1C9BFDD500DA48E1 /* SDWebImageCompat.h */ = {isa = PBXFileReference; fileEncoding = 4; lastKnownFileType = sourcecode.c.h; path = SDWebImageCompat.h; sourceTree = "<group>"; };
		0F042EFC1C9BFDD500DA48E1 /* SDWebImageCompat.m */ = {isa = PBXFileReference; fileEncoding = 4; lastKnownFileType = sourcecode.c.objc; path = SDWebImageCompat.m; sourceTree = "<group>"; };
		0F042EFD1C9BFDD500DA48E1 /* SDWebImageDecoder.h */ = {isa = PBXFileReference; fileEncoding = 4; lastKnownFileType = sourcecode.c.h; path = SDWebImageDecoder.h; sourceTree = "<group>"; };
		0F042EFE1C9BFDD500DA48E1 /* SDWebImageDecoder.m */ = {isa = PBXFileReference; fileEncoding = 4; lastKnownFileType = sourcecode.c.objc; path = SDWebImageDecoder.m; sourceTree = "<group>"; };
		0F042EFF1C9BFDD500DA48E1 /* SDWebImageDownloader.h */ = {isa = PBXFileReference; fileEncoding = 4; lastKnownFileType = sourcecode.c.h; path = SDWebImageDownloader.h; sourceTree = "<group>"; };
		0F042F001C9BFDD500DA48E1 /* SDWebImageDownloader.m */ = {isa = PBXFileReference; fileEncoding = 4; lastKnownFileType = sourcecode.c.objc; path = SDWebImageDownloader.m; sourceTree = "<group>"; };
		0F042F011C9BFDD500DA48E1 /* SDWebImageDownloaderOperation.h */ = {isa = PBXFileReference; fileEncoding = 4; lastKnownFileType = sourcecode.c.h; path = SDWebImageDownloaderOperation.h; sourceTree = "<group>"; };
		0F042F021C9BFDD500DA48E1 /* SDWebImageDownloaderOperation.m */ = {isa = PBXFileReference; fileEncoding = 4; lastKnownFileType = sourcecode.c.objc; path = SDWebImageDownloaderOperation.m; sourceTree = "<group>"; };
		0F042F031C9BFDD500DA48E1 /* SDWebImageManager.h */ = {isa = PBXFileReference; fileEncoding = 4; lastKnownFileType = sourcecode.c.h; path = SDWebImageManager.h; sourceTree = "<group>"; };
		0F042F041C9BFDD500DA48E1 /* SDWebImageManager.m */ = {isa = PBXFileReference; fileEncoding = 4; lastKnownFileType = sourcecode.c.objc; path = SDWebImageManager.m; sourceTree = "<group>"; };
		0F042F051C9BFDD500DA48E1 /* SDWebImageOperation.h */ = {isa = PBXFileReference; fileEncoding = 4; lastKnownFileType = sourcecode.c.h; path = SDWebImageOperation.h; sourceTree = "<group>"; };
		0F042F061C9BFDD500DA48E1 /* SDWebImagePrefetcher.h */ = {isa = PBXFileReference; fileEncoding = 4; lastKnownFileType = sourcecode.c.h; path = SDWebImagePrefetcher.h; sourceTree = "<group>"; };
		0F042F071C9BFDD500DA48E1 /* SDWebImagePrefetcher.m */ = {isa = PBXFileReference; fileEncoding = 4; lastKnownFileType = sourcecode.c.objc; path = SDWebImagePrefetcher.m; sourceTree = "<group>"; };
		0F042F081C9BFDD500DA48E1 /* UIButton+WebCache.h */ = {isa = PBXFileReference; fileEncoding = 4; lastKnownFileType = sourcecode.c.h; path = "UIButton+WebCache.h"; sourceTree = "<group>"; };
		0F042F091C9BFDD500DA48E1 /* UIButton+WebCache.m */ = {isa = PBXFileReference; fileEncoding = 4; lastKnownFileType = sourcecode.c.objc; path = "UIButton+WebCache.m"; sourceTree = "<group>"; };
		0F042F0A1C9BFDD500DA48E1 /* UIImage+GIF.h */ = {isa = PBXFileReference; fileEncoding = 4; lastKnownFileType = sourcecode.c.h; path = "UIImage+GIF.h"; sourceTree = "<group>"; };
		0F042F0B1C9BFDD500DA48E1 /* UIImage+GIF.m */ = {isa = PBXFileReference; fileEncoding = 4; lastKnownFileType = sourcecode.c.objc; path = "UIImage+GIF.m"; sourceTree = "<group>"; };
		0F042F0C1C9BFDD500DA48E1 /* UIImage+MultiFormat.h */ = {isa = PBXFileReference; fileEncoding = 4; lastKnownFileType = sourcecode.c.h; path = "UIImage+MultiFormat.h"; sourceTree = "<group>"; };
		0F042F0D1C9BFDD500DA48E1 /* UIImage+MultiFormat.m */ = {isa = PBXFileReference; fileEncoding = 4; lastKnownFileType = sourcecode.c.objc; path = "UIImage+MultiFormat.m"; sourceTree = "<group>"; };
		0F042F0E1C9BFDD500DA48E1 /* UIImage+WebP.h */ = {isa = PBXFileReference; fileEncoding = 4; lastKnownFileType = sourcecode.c.h; path = "UIImage+WebP.h"; sourceTree = "<group>"; };
		0F042F0F1C9BFDD500DA48E1 /* UIImage+WebP.m */ = {isa = PBXFileReference; fileEncoding = 4; lastKnownFileType = sourcecode.c.objc; path = "UIImage+WebP.m"; sourceTree = "<group>"; };
		0F042F101C9BFDD500DA48E1 /* UIImageView+HighlightedWebCache.h */ = {isa = PBXFileReference; fileEncoding = 4; lastKnownFileType = sourcecode.c.h; path = "UIImageView+HighlightedWebCache.h"; sourceTree = "<group>"; };
		0F042F111C9BFDD500DA48E1 /* UIImageView+HighlightedWebCache.m */ = {isa = PBXFileReference; fileEncoding = 4; lastKnownFileType = sourcecode.c.objc; path = "UIImageView+HighlightedWebCache.m"; sourceTree = "<group>"; };
		0F042F121C9BFDD500DA48E1 /* UIImageView+WebCache.h */ = {isa = PBXFileReference; fileEncoding = 4; lastKnownFileType = sourcecode.c.h; path = "UIImageView+WebCache.h"; sourceTree = "<group>"; };
		0F042F131C9BFDD500DA48E1 /* UIImageView+WebCache.m */ = {isa = PBXFileReference; fileEncoding = 4; lastKnownFileType = sourcecode.c.objc; path = "UIImageView+WebCache.m"; sourceTree = "<group>"; };
		0F042F141C9BFDD500DA48E1 /* UIView+WebCacheOperation.h */ = {isa = PBXFileReference; fileEncoding = 4; lastKnownFileType = sourcecode.c.h; path = "UIView+WebCacheOperation.h"; sourceTree = "<group>"; };
		0F042F151C9BFDD500DA48E1 /* UIView+WebCacheOperation.m */ = {isa = PBXFileReference; fileEncoding = 4; lastKnownFileType = sourcecode.c.objc; path = "UIView+WebCacheOperation.m"; sourceTree = "<group>"; };
		0F042F271C9BFE3B00DA48E1 /* MatchViewController.h */ = {isa = PBXFileReference; fileEncoding = 4; lastKnownFileType = sourcecode.c.h; path = MatchViewController.h; sourceTree = "<group>"; };
		0F042F281C9BFE3B00DA48E1 /* MatchViewController.m */ = {isa = PBXFileReference; fileEncoding = 4; lastKnownFileType = sourcecode.c.objc; path = MatchViewController.m; sourceTree = "<group>"; };
		0F042F2A1C9BFEE300DA48E1 /* Football.pch */ = {isa = PBXFileReference; lastKnownFileType = sourcecode.c.h; path = Football.pch; sourceTree = "<group>"; };
		0F042F2B1C9C00C100DA48E1 /* PhotoTableViewCell.h */ = {isa = PBXFileReference; fileEncoding = 4; lastKnownFileType = sourcecode.c.h; path = PhotoTableViewCell.h; sourceTree = "<group>"; };
		0F042F2C1C9C00C100DA48E1 /* PhotoTableViewCell.m */ = {isa = PBXFileReference; fileEncoding = 4; lastKnownFileType = sourcecode.c.objc; path = PhotoTableViewCell.m; sourceTree = "<group>"; };
		0F042F2D1C9C00C100DA48E1 /* PhotoTableViewCell.xib */ = {isa = PBXFileReference; fileEncoding = 4; lastKnownFileType = file.xib; path = PhotoTableViewCell.xib; sourceTree = "<group>"; };
		0F042F301C9C08C100DA48E1 /* MatchTableViewCell.h */ = {isa = PBXFileReference; fileEncoding = 4; lastKnownFileType = sourcecode.c.h; path = MatchTableViewCell.h; sourceTree = "<group>"; };
		0F042F311C9C08C100DA48E1 /* MatchTableViewCell.m */ = {isa = PBXFileReference; fileEncoding = 4; lastKnownFileType = sourcecode.c.objc; path = MatchTableViewCell.m; sourceTree = "<group>"; };
		0F042F321C9C08C100DA48E1 /* MatchTableViewCell.xib */ = {isa = PBXFileReference; fileEncoding = 4; lastKnownFileType = file.xib; path = MatchTableViewCell.xib; sourceTree = "<group>"; };
		0F042F371C9C0CA500DA48E1 /* AFHTTPRequestOperation.h */ = {isa = PBXFileReference; fileEncoding = 4; lastKnownFileType = sourcecode.c.h; path = AFHTTPRequestOperation.h; sourceTree = "<group>"; };
		0F042F381C9C0CA500DA48E1 /* AFHTTPRequestOperation.m */ = {isa = PBXFileReference; fileEncoding = 4; lastKnownFileType = sourcecode.c.objc; path = AFHTTPRequestOperation.m; sourceTree = "<group>"; };
		0F042F391C9C0CA500DA48E1 /* AFHTTPRequestOperationManager.h */ = {isa = PBXFileReference; fileEncoding = 4; lastKnownFileType = sourcecode.c.h; path = AFHTTPRequestOperationManager.h; sourceTree = "<group>"; };
		0F042F3A1C9C0CA500DA48E1 /* AFHTTPRequestOperationManager.m */ = {isa = PBXFileReference; fileEncoding = 4; lastKnownFileType = sourcecode.c.objc; path = AFHTTPRequestOperationManager.m; sourceTree = "<group>"; };
		0F042F3B1C9C0CA500DA48E1 /* AFHTTPSessionManager.h */ = {isa = PBXFileReference; fileEncoding = 4; lastKnownFileType = sourcecode.c.h; path = AFHTTPSessionManager.h; sourceTree = "<group>"; };
		0F042F3C1C9C0CA500DA48E1 /* AFHTTPSessionManager.m */ = {isa = PBXFileReference; fileEncoding = 4; lastKnownFileType = sourcecode.c.objc; path = AFHTTPSessionManager.m; sourceTree = "<group>"; };
		0F042F3D1C9C0CA500DA48E1 /* AFNetworking.h */ = {isa = PBXFileReference; fileEncoding = 4; lastKnownFileType = sourcecode.c.h; path = AFNetworking.h; sourceTree = "<group>"; };
		0F042F3E1C9C0CA500DA48E1 /* AFNetworkReachabilityManager.h */ = {isa = PBXFileReference; fileEncoding = 4; lastKnownFileType = sourcecode.c.h; path = AFNetworkReachabilityManager.h; sourceTree = "<group>"; };
		0F042F3F1C9C0CA500DA48E1 /* AFNetworkReachabilityManager.m */ = {isa = PBXFileReference; fileEncoding = 4; lastKnownFileType = sourcecode.c.objc; path = AFNetworkReachabilityManager.m; sourceTree = "<group>"; };
		0F042F401C9C0CA500DA48E1 /* AFSecurityPolicy.h */ = {isa = PBXFileReference; fileEncoding = 4; lastKnownFileType = sourcecode.c.h; path = AFSecurityPolicy.h; sourceTree = "<group>"; };
		0F042F411C9C0CA500DA48E1 /* AFSecurityPolicy.m */ = {isa = PBXFileReference; fileEncoding = 4; lastKnownFileType = sourcecode.c.objc; path = AFSecurityPolicy.m; sourceTree = "<group>"; };
		0F042F421C9C0CA500DA48E1 /* AFURLConnectionOperation.h */ = {isa = PBXFileReference; fileEncoding = 4; lastKnownFileType = sourcecode.c.h; path = AFURLConnectionOperation.h; sourceTree = "<group>"; };
		0F042F431C9C0CA500DA48E1 /* AFURLConnectionOperation.m */ = {isa = PBXFileReference; fileEncoding = 4; lastKnownFileType = sourcecode.c.objc; path = AFURLConnectionOperation.m; sourceTree = "<group>"; };
		0F042F441C9C0CA500DA48E1 /* AFURLRequestSerialization.h */ = {isa = PBXFileReference; fileEncoding = 4; lastKnownFileType = sourcecode.c.h; path = AFURLRequestSerialization.h; sourceTree = "<group>"; };
		0F042F451C9C0CA500DA48E1 /* AFURLRequestSerialization.m */ = {isa = PBXFileReference; fileEncoding = 4; lastKnownFileType = sourcecode.c.objc; path = AFURLRequestSerialization.m; sourceTree = "<group>"; };
		0F042F461C9C0CA500DA48E1 /* AFURLResponseSerialization.h */ = {isa = PBXFileReference; fileEncoding = 4; lastKnownFileType = sourcecode.c.h; path = AFURLResponseSerialization.h; sourceTree = "<group>"; };
		0F042F471C9C0CA500DA48E1 /* AFURLResponseSerialization.m */ = {isa = PBXFileReference; fileEncoding = 4; lastKnownFileType = sourcecode.c.objc; path = AFURLResponseSerialization.m; sourceTree = "<group>"; };
		0F042F481C9C0CA500DA48E1 /* AFURLSessionManager.h */ = {isa = PBXFileReference; fileEncoding = 4; lastKnownFileType = sourcecode.c.h; path = AFURLSessionManager.h; sourceTree = "<group>"; };
		0F042F491C9C0CA500DA48E1 /* AFURLSessionManager.m */ = {isa = PBXFileReference; fileEncoding = 4; lastKnownFileType = sourcecode.c.objc; path = AFURLSessionManager.m; sourceTree = "<group>"; };
		0F042F4B1C9C0CA500DA48E1 /* AFNetworkActivityIndicatorManager.h */ = {isa = PBXFileReference; fileEncoding = 4; lastKnownFileType = sourcecode.c.h; path = AFNetworkActivityIndicatorManager.h; sourceTree = "<group>"; };
		0F042F4C1C9C0CA500DA48E1 /* AFNetworkActivityIndicatorManager.m */ = {isa = PBXFileReference; fileEncoding = 4; lastKnownFileType = sourcecode.c.objc; path = AFNetworkActivityIndicatorManager.m; sourceTree = "<group>"; };
		0F042F4D1C9C0CA500DA48E1 /* UIActivityIndicatorView+AFNetworking.h */ = {isa = PBXFileReference; fileEncoding = 4; lastKnownFileType = sourcecode.c.h; path = "UIActivityIndicatorView+AFNetworking.h"; sourceTree = "<group>"; };
		0F042F4E1C9C0CA500DA48E1 /* UIActivityIndicatorView+AFNetworking.m */ = {isa = PBXFileReference; fileEncoding = 4; lastKnownFileType = sourcecode.c.objc; path = "UIActivityIndicatorView+AFNetworking.m"; sourceTree = "<group>"; };
		0F042F4F1C9C0CA500DA48E1 /* UIAlertView+AFNetworking.h */ = {isa = PBXFileReference; fileEncoding = 4; lastKnownFileType = sourcecode.c.h; path = "UIAlertView+AFNetworking.h"; sourceTree = "<group>"; };
		0F042F501C9C0CA500DA48E1 /* UIAlertView+AFNetworking.m */ = {isa = PBXFileReference; fileEncoding = 4; lastKnownFileType = sourcecode.c.objc; path = "UIAlertView+AFNetworking.m"; sourceTree = "<group>"; };
		0F042F511C9C0CA500DA48E1 /* UIButton+AFNetworking.h */ = {isa = PBXFileReference; fileEncoding = 4; lastKnownFileType = sourcecode.c.h; path = "UIButton+AFNetworking.h"; sourceTree = "<group>"; };
		0F042F521C9C0CA500DA48E1 /* UIButton+AFNetworking.m */ = {isa = PBXFileReference; fileEncoding = 4; lastKnownFileType = sourcecode.c.objc; path = "UIButton+AFNetworking.m"; sourceTree = "<group>"; };
		0F042F531C9C0CA500DA48E1 /* UIImageView+AFNetworking.h */ = {isa = PBXFileReference; fileEncoding = 4; lastKnownFileType = sourcecode.c.h; path = "UIImageView+AFNetworking.h"; sourceTree = "<group>"; };
		0F042F541C9C0CA500DA48E1 /* UIImageView+AFNetworking.m */ = {isa = PBXFileReference; fileEncoding = 4; lastKnownFileType = sourcecode.c.objc; path = "UIImageView+AFNetworking.m"; sourceTree = "<group>"; };
		0F042F551C9C0CA500DA48E1 /* UIKit+AFNetworking.h */ = {isa = PBXFileReference; fileEncoding = 4; lastKnownFileType = sourcecode.c.h; path = "UIKit+AFNetworking.h"; sourceTree = "<group>"; };
		0F042F561C9C0CA500DA48E1 /* UIProgressView+AFNetworking.h */ = {isa = PBXFileReference; fileEncoding = 4; lastKnownFileType = sourcecode.c.h; path = "UIProgressView+AFNetworking.h"; sourceTree = "<group>"; };
		0F042F571C9C0CA500DA48E1 /* UIProgressView+AFNetworking.m */ = {isa = PBXFileReference; fileEncoding = 4; lastKnownFileType = sourcecode.c.objc; path = "UIProgressView+AFNetworking.m"; sourceTree = "<group>"; };
		0F042F581C9C0CA500DA48E1 /* UIRefreshControl+AFNetworking.h */ = {isa = PBXFileReference; fileEncoding = 4; lastKnownFileType = sourcecode.c.h; path = "UIRefreshControl+AFNetworking.h"; sourceTree = "<group>"; };
		0F042F591C9C0CA500DA48E1 /* UIRefreshControl+AFNetworking.m */ = {isa = PBXFileReference; fileEncoding = 4; lastKnownFileType = sourcecode.c.objc; path = "UIRefreshControl+AFNetworking.m"; sourceTree = "<group>"; };
		0F042F5A1C9C0CA500DA48E1 /* UIWebView+AFNetworking.h */ = {isa = PBXFileReference; fileEncoding = 4; lastKnownFileType = sourcecode.c.h; path = "UIWebView+AFNetworking.h"; sourceTree = "<group>"; };
		0F042F5B1C9C0CA500DA48E1 /* UIWebView+AFNetworking.m */ = {isa = PBXFileReference; fileEncoding = 4; lastKnownFileType = sourcecode.c.objc; path = "UIWebView+AFNetworking.m"; sourceTree = "<group>"; };
		0F042F6D1C9C0CCD00DA48E1 /* ConnectManager.h */ = {isa = PBXFileReference; fileEncoding = 4; lastKnownFileType = sourcecode.c.h; path = ConnectManager.h; sourceTree = "<group>"; };
		0F042F6E1C9C0CCD00DA48E1 /* ConnectManager.m */ = {isa = PBXFileReference; fileEncoding = 4; lastKnownFileType = sourcecode.c.objc; path = ConnectManager.m; sourceTree = "<group>"; };
		0F477BB21CA4D8B500B33D6D /* NewsTableViewCell.h */ = {isa = PBXFileReference; fileEncoding = 4; lastKnownFileType = sourcecode.c.h; path = NewsTableViewCell.h; sourceTree = "<group>"; };
		0F477BB31CA4D8B500B33D6D /* NewsTableViewCell.m */ = {isa = PBXFileReference; fileEncoding = 4; lastKnownFileType = sourcecode.c.objc; path = NewsTableViewCell.m; sourceTree = "<group>"; };
		0F477BB41CA4D8B500B33D6D /* NewsTableViewCell.xib */ = {isa = PBXFileReference; fileEncoding = 4; lastKnownFileType = file.xib; path = NewsTableViewCell.xib; sourceTree = "<group>"; };
		0F477BBA1CA4DBE100B33D6D /* NewsModel.h */ = {isa = PBXFileReference; fileEncoding = 4; lastKnownFileType = sourcecode.c.h; path = NewsModel.h; sourceTree = "<group>"; };
		0F477BBB1CA4DBE100B33D6D /* NewsModel.m */ = {isa = PBXFileReference; fileEncoding = 4; lastKnownFileType = sourcecode.c.objc; path = NewsModel.m; sourceTree = "<group>"; };
		0F477BBD1CA4DD8E00B33D6D /* MatchModel.h */ = {isa = PBXFileReference; fileEncoding = 4; lastKnownFileType = sourcecode.c.h; path = MatchModel.h; sourceTree = "<group>"; };
		0F477BBE1CA4DD8E00B33D6D /* MatchModel.m */ = {isa = PBXFileReference; fileEncoding = 4; lastKnownFileType = sourcecode.c.objc; path = MatchModel.m; sourceTree = "<group>"; };
		0F64098B1CF7464E0027B7EE /* football.png */ = {isa = PBXFileReference; lastKnownFileType = image.png; path = football.png; sourceTree = "<group>"; };
		0F64098C1CF7464E0027B7EE /* bar_graph.png */ = {isa = PBXFileReference; lastKnownFileType = image.png; path = bar_graph.png; sourceTree = "<group>"; };
		0F64098D1CF7464E0027B7EE /* Trophy.png */ = {isa = PBXFileReference; lastKnownFileType = image.png; path = Trophy.png; sourceTree = "<group>"; };
		0F6B4A121CCDD58F0002F1B6 /* SystemConfiguration.framework */ = {isa = PBXFileReference; lastKnownFileType = wrapper.framework; name = SystemConfiguration.framework; path = System/Library/Frameworks/SystemConfiguration.framework; sourceTree = SDKROOT; };
		0F6B4A141CCDD5B50002F1B6 /* Reachability.h */ = {isa = PBXFileReference; fileEncoding = 4; lastKnownFileType = sourcecode.c.h; path = Reachability.h; sourceTree = "<group>"; };
		0F6B4A151CCDD5B50002F1B6 /* Reachability.m */ = {isa = PBXFileReference; fileEncoding = 4; lastKnownFileType = sourcecode.c.objc; path = Reachability.m; sourceTree = "<group>"; };
		0F6B4A171CCDD6780002F1B6 /* ReachabilityManager.h */ = {isa = PBXFileReference; fileEncoding = 4; lastKnownFileType = sourcecode.c.h; path = ReachabilityManager.h; sourceTree = "<group>"; };
		0F6B4A181CCDD6780002F1B6 /* ReachabilityManager.m */ = {isa = PBXFileReference; fileEncoding = 4; lastKnownFileType = sourcecode.c.objc; path = ReachabilityManager.m; sourceTree = "<group>"; };
		0F71452F1CAA530900AF5024 /* MatchDataViewController.h */ = {isa = PBXFileReference; fileEncoding = 4; lastKnownFileType = sourcecode.c.h; path = MatchDataViewController.h; sourceTree = "<group>"; };
		0F7145301CAA530900AF5024 /* MatchDataViewController.m */ = {isa = PBXFileReference; fileEncoding = 4; lastKnownFileType = sourcecode.c.objc; path = MatchDataViewController.m; sourceTree = "<group>"; };
		0F7145511CAA57DF00AF5024 /* MatchDataTableViewCell.h */ = {isa = PBXFileReference; fileEncoding = 4; lastKnownFileType = sourcecode.c.h; path = MatchDataTableViewCell.h; sourceTree = "<group>"; };
		0F7145521CAA57DF00AF5024 /* MatchDataTableViewCell.m */ = {isa = PBXFileReference; fileEncoding = 4; lastKnownFileType = sourcecode.c.objc; path = MatchDataTableViewCell.m; sourceTree = "<group>"; };
		0F7145531CAA57DF00AF5024 /* MatchDataTableViewCell.xib */ = {isa = PBXFileReference; fileEncoding = 4; lastKnownFileType = file.xib; path = MatchDataTableViewCell.xib; sourceTree = "<group>"; };
		0F7145561CAA5A8100AF5024 /* MatchDataModel.h */ = {isa = PBXFileReference; fileEncoding = 4; lastKnownFileType = sourcecode.c.h; path = MatchDataModel.h; sourceTree = "<group>"; };
		0F7145571CAA5A8100AF5024 /* MatchDataModel.m */ = {isa = PBXFileReference; fileEncoding = 4; lastKnownFileType = sourcecode.c.objc; path = MatchDataModel.m; sourceTree = "<group>"; };
		0F7229A21CA3C41900CD2402 /* NewsAndVideosViewController.h */ = {isa = PBXFileReference; fileEncoding = 4; lastKnownFileType = sourcecode.c.h; path = NewsAndVideosViewController.h; sourceTree = "<group>"; };
		0F7229A31CA3C41900CD2402 /* NewsAndVideosViewController.m */ = {isa = PBXFileReference; fileEncoding = 4; lastKnownFileType = sourcecode.c.objc; path = NewsAndVideosViewController.m; sourceTree = "<group>"; };
		0F7229A81CA3C67D00CD2402 /* NewsTableViewController.h */ = {isa = PBXFileReference; fileEncoding = 4; lastKnownFileType = sourcecode.c.h; path = NewsTableViewController.h; sourceTree = "<group>"; };
		0F7229A91CA3C67D00CD2402 /* NewsTableViewController.m */ = {isa = PBXFileReference; fileEncoding = 4; lastKnownFileType = sourcecode.c.objc; path = NewsTableViewController.m; sourceTree = "<group>"; };
		0F7229AB1CA3C68700CD2402 /* VideosTableViewController.h */ = {isa = PBXFileReference; fileEncoding = 4; lastKnownFileType = sourcecode.c.h; path = VideosTableViewController.h; sourceTree = "<group>"; };
		0F7229AC1CA3C68700CD2402 /* VideosTableViewController.m */ = {isa = PBXFileReference; fileEncoding = 4; lastKnownFileType = sourcecode.c.objc; path = VideosTableViewController.m; sourceTree = "<group>"; };
		0FFD79071CBCF6D600AFAE5D /* FMDatabase.h */ = {isa = PBXFileReference; fileEncoding = 4; lastKnownFileType = sourcecode.c.h; path = FMDatabase.h; sourceTree = "<group>"; };
		0FFD79081CBCF6D600AFAE5D /* FMDatabase.m */ = {isa = PBXFileReference; fileEncoding = 4; lastKnownFileType = sourcecode.c.objc; path = FMDatabase.m; sourceTree = "<group>"; };
		0FFD79091CBCF6D600AFAE5D /* FMDatabaseAdditions.h */ = {isa = PBXFileReference; fileEncoding = 4; lastKnownFileType = sourcecode.c.h; path = FMDatabaseAdditions.h; sourceTree = "<group>"; };
		0FFD790A1CBCF6D600AFAE5D /* FMDatabaseAdditions.m */ = {isa = PBXFileReference; fileEncoding = 4; lastKnownFileType = sourcecode.c.objc; path = FMDatabaseAdditions.m; sourceTree = "<group>"; };
		0FFD790B1CBCF6D600AFAE5D /* FMDatabasePool.h */ = {isa = PBXFileReference; fileEncoding = 4; lastKnownFileType = sourcecode.c.h; path = FMDatabasePool.h; sourceTree = "<group>"; };
		0FFD790C1CBCF6D600AFAE5D /* FMDatabasePool.m */ = {isa = PBXFileReference; fileEncoding = 4; lastKnownFileType = sourcecode.c.objc; path = FMDatabasePool.m; sourceTree = "<group>"; };
		0FFD790D1CBCF6D600AFAE5D /* FMDatabaseQueue.h */ = {isa = PBXFileReference; fileEncoding = 4; lastKnownFileType = sourcecode.c.h; path = FMDatabaseQueue.h; sourceTree = "<group>"; };
		0FFD790E1CBCF6D600AFAE5D /* FMDatabaseQueue.m */ = {isa = PBXFileReference; fileEncoding = 4; lastKnownFileType = sourcecode.c.objc; path = FMDatabaseQueue.m; sourceTree = "<group>"; };
		0FFD790F1CBCF6D600AFAE5D /* FMDB.h */ = {isa = PBXFileReference; fileEncoding = 4; lastKnownFileType = sourcecode.c.h; path = FMDB.h; sourceTree = "<group>"; };
		0FFD79101CBCF6D600AFAE5D /* FMResultSet.h */ = {isa = PBXFileReference; fileEncoding = 4; lastKnownFileType = sourcecode.c.h; path = FMResultSet.h; sourceTree = "<group>"; };
		0FFD79111CBCF6D600AFAE5D /* FMResultSet.m */ = {isa = PBXFileReference; fileEncoding = 4; lastKnownFileType = sourcecode.c.objc; path = FMResultSet.m; sourceTree = "<group>"; };
		0FFD79171CBD00F200AFAE5D /* libsqlite3.tbd */ = {isa = PBXFileReference; lastKnownFileType = "sourcecode.text-based-dylib-definition"; name = libsqlite3.tbd; path = usr/lib/libsqlite3.tbd; sourceTree = SDKROOT; };
		0FFEBE471CA4F09F0035A04D /* NewsContentViewController.h */ = {isa = PBXFileReference; fileEncoding = 4; lastKnownFileType = sourcecode.c.h; path = NewsContentViewController.h; sourceTree = "<group>"; };
		0FFEBE481CA4F09F0035A04D /* NewsContentViewController.m */ = {isa = PBXFileReference; fileEncoding = 4; lastKnownFileType = sourcecode.c.objc; path = NewsContentViewController.m; sourceTree = "<group>"; };
		0FFEBE491CA4F09F0035A04D /* NewsContentViewController.xib */ = {isa = PBXFileReference; fileEncoding = 4; lastKnownFileType = file.xib; path = NewsContentViewController.xib; sourceTree = "<group>"; };
		0FFEBE4C1CA8DB7D0035A04D /* NewsContentModel.h */ = {isa = PBXFileReference; fileEncoding = 4; lastKnownFileType = sourcecode.c.h; path = NewsContentModel.h; sourceTree = "<group>"; };
		0FFEBE4D1CA8DB7D0035A04D /* NewsContentModel.m */ = {isa = PBXFileReference; fileEncoding = 4; lastKnownFileType = sourcecode.c.objc; path = NewsContentModel.m; sourceTree = "<group>"; };
/* End PBXFileReference section */

/* Begin PBXFrameworksBuildPhase section */
		0F042EA91C9BFC6A00DA48E1 /* Frameworks */ = {
			isa = PBXFrameworksBuildPhase;
			buildActionMask = 2147483647;
			files = (
				0F6B4A131CCDD58F0002F1B6 /* SystemConfiguration.framework in Frameworks */,
				0FFD79181CBD00F200AFAE5D /* libsqlite3.tbd in Frameworks */,
			);
			runOnlyForDeploymentPostprocessing = 0;
		};
		0F042EC21C9BFC6A00DA48E1 /* Frameworks */ = {
			isa = PBXFrameworksBuildPhase;
			buildActionMask = 2147483647;
			files = (
			);
			runOnlyForDeploymentPostprocessing = 0;
		};
		0F042ECD1C9BFC6A00DA48E1 /* Frameworks */ = {
			isa = PBXFrameworksBuildPhase;
			buildActionMask = 2147483647;
			files = (
			);
			runOnlyForDeploymentPostprocessing = 0;
		};
/* End PBXFrameworksBuildPhase section */

/* Begin PBXGroup section */
		0F042EA31C9BFC6A00DA48E1 = {
			isa = PBXGroup;
			children = (
				0F6B4A121CCDD58F0002F1B6 /* SystemConfiguration.framework */,
				0FFD79171CBD00F200AFAE5D /* libsqlite3.tbd */,
				0F042EAE1C9BFC6A00DA48E1 /* Football_NewProject */,
				0F042EC81C9BFC6A00DA48E1 /* Football_NewProjectTests */,
				0F042ED31C9BFC6A00DA48E1 /* Football_NewProjectUITests */,
				0F042EAD1C9BFC6A00DA48E1 /* Products */,
			);
			sourceTree = "<group>";
		};
		0F042EAD1C9BFC6A00DA48E1 /* Products */ = {
			isa = PBXGroup;
			children = (
				0F042EAC1C9BFC6A00DA48E1 /* Football_NewProject.app */,
				0F042EC51C9BFC6A00DA48E1 /* Football_NewProjectTests.xctest */,
				0F042ED01C9BFC6A00DA48E1 /* Football_NewProjectUITests.xctest */,
			);
			name = Products;
			sourceTree = "<group>";
		};
		0F042EAE1C9BFC6A00DA48E1 /* Football_NewProject */ = {
			isa = PBXGroup;
			children = (
				0F042EE71C9BFDD500DA48E1 /* Classes */,
				0F042EAF1C9BFC6A00DA48E1 /* Supporting Files */,
			);
			path = Football_NewProject;
			sourceTree = "<group>";
		};
		0F042EAF1C9BFC6A00DA48E1 /* Supporting Files */ = {
			isa = PBXGroup;
			children = (
				0F64098B1CF7464E0027B7EE /* football.png */,
				0F64098C1CF7464E0027B7EE /* bar_graph.png */,
				0F64098D1CF7464E0027B7EE /* Trophy.png */,
				0F042EBB1C9BFC6A00DA48E1 /* Assets.xcassets */,
				0F042EBD1C9BFC6A00DA48E1 /* LaunchScreen.storyboard */,
				0F042EC01C9BFC6A00DA48E1 /* Info.plist */,
				0F042EB01C9BFC6A00DA48E1 /* main.m */,
			);
			name = "Supporting Files";
			sourceTree = "<group>";
		};
		0F042EC81C9BFC6A00DA48E1 /* Football_NewProjectTests */ = {
			isa = PBXGroup;
			children = (
				0F042EC91C9BFC6A00DA48E1 /* Football_NewProjectTests.m */,
				0F042ECB1C9BFC6A00DA48E1 /* Info.plist */,
			);
			path = Football_NewProjectTests;
			sourceTree = "<group>";
		};
		0F042ED31C9BFC6A00DA48E1 /* Football_NewProjectUITests */ = {
			isa = PBXGroup;
			children = (
				0F042ED41C9BFC6A00DA48E1 /* Football_NewProjectUITests.m */,
				0F042ED61C9BFC6A00DA48E1 /* Info.plist */,
			);
			path = Football_NewProjectUITests;
			sourceTree = "<group>";
		};
		0F042EE71C9BFDD500DA48E1 /* Classes */ = {
			isa = PBXGroup;
			children = (
				0F042EE81C9BFDD500DA48E1 /* AppDelegate */,
				0F042EE91C9BFDD500DA48E1 /* General */,
				0F042EED1C9BFDD500DA48E1 /* Helpers */,
				0F042EEE1C9BFDD500DA48E1 /* Macro */,
				0F042EEF1C9BFDD500DA48E1 /* Models */,
				0F042EF01C9BFDD500DA48E1 /* Resources */,
				0F042EF11C9BFDD500DA48E1 /* Scenes */,
				0F042EF31C9BFDD500DA48E1 /* Vendors */,
			);
			path = Classes;
			sourceTree = "<group>";
		};
		0F042EE81C9BFDD500DA48E1 /* AppDelegate */ = {
			isa = PBXGroup;
			children = (
				0F042EB21C9BFC6A00DA48E1 /* AppDelegate.h */,
				0F042EB31C9BFC6A00DA48E1 /* AppDelegate.m */,
			);
			path = AppDelegate;
			sourceTree = "<group>";
		};
		0F042EE91C9BFDD500DA48E1 /* General */ = {
			isa = PBXGroup;
			children = (
				0F042EEA1C9BFDD500DA48E1 /* Categories */,
				0F042EEB1C9BFDD500DA48E1 /* Views */,
			);
			path = General;
			sourceTree = "<group>";
		};
		0F042EEA1C9BFDD500DA48E1 /* Categories */ = {
			isa = PBXGroup;
			children = (
			);
			path = Categories;
			sourceTree = "<group>";
		};
		0F042EEB1C9BFDD500DA48E1 /* Views */ = {
			isa = PBXGroup;
			children = (
				0F042EEC1C9BFDD500DA48E1 /* Cells */,
			);
			path = Views;
			sourceTree = "<group>";
		};
		0F042EEC1C9BFDD500DA48E1 /* Cells */ = {
			isa = PBXGroup;
			children = (
				0F042F2B1C9C00C100DA48E1 /* PhotoTableViewCell.h */,
				0F042F2C1C9C00C100DA48E1 /* PhotoTableViewCell.m */,
				0F042F2D1C9C00C100DA48E1 /* PhotoTableViewCell.xib */,
				0F042F301C9C08C100DA48E1 /* MatchTableViewCell.h */,
				0F042F311C9C08C100DA48E1 /* MatchTableViewCell.m */,
				0F042F321C9C08C100DA48E1 /* MatchTableViewCell.xib */,
				0F477BB21CA4D8B500B33D6D /* NewsTableViewCell.h */,
				0F477BB31CA4D8B500B33D6D /* NewsTableViewCell.m */,
				0F477BB41CA4D8B500B33D6D /* NewsTableViewCell.xib */,
				0F7145511CAA57DF00AF5024 /* MatchDataTableViewCell.h */,
				0F7145521CAA57DF00AF5024 /* MatchDataTableViewCell.m */,
				0F7145531CAA57DF00AF5024 /* MatchDataTableViewCell.xib */,
			);
			path = Cells;
			sourceTree = "<group>";
		};
		0F042EED1C9BFDD500DA48E1 /* Helpers */ = {
			isa = PBXGroup;
			children = (
				0F042F6D1C9C0CCD00DA48E1 /* ConnectManager.h */,
				0F042F6E1C9C0CCD00DA48E1 /* ConnectManager.m */,
				0F6B4A171CCDD6780002F1B6 /* ReachabilityManager.h */,
				0F6B4A181CCDD6780002F1B6 /* ReachabilityManager.m */,
			);
			path = Helpers;
			sourceTree = "<group>";
		};
		0F042EEE1C9BFDD500DA48E1 /* Macro */ = {
			isa = PBXGroup;
			children = (
				0F042F2A1C9BFEE300DA48E1 /* Football.pch */,
			);
			path = Macro;
			sourceTree = "<group>";
		};
		0F042EEF1C9BFDD500DA48E1 /* Models */ = {
			isa = PBXGroup;
			children = (
				0F477BBA1CA4DBE100B33D6D /* NewsModel.h */,
				0F477BBB1CA4DBE100B33D6D /* NewsModel.m */,
				0F477BBD1CA4DD8E00B33D6D /* MatchModel.h */,
				0F477BBE1CA4DD8E00B33D6D /* MatchModel.m */,
				0FFEBE4C1CA8DB7D0035A04D /* NewsContentModel.h */,
				0FFEBE4D1CA8DB7D0035A04D /* NewsContentModel.m */,
				0F7145561CAA5A8100AF5024 /* MatchDataModel.h */,
				0F7145571CAA5A8100AF5024 /* MatchDataModel.m */,
			);
			path = Models;
			sourceTree = "<group>";
		};
		0F042EF01C9BFDD500DA48E1 /* Resources */ = {
			isa = PBXGroup;
			children = (
			);
			path = Resources;
			sourceTree = "<group>";
		};
		0F042EF11C9BFDD500DA48E1 /* Scenes */ = {
			isa = PBXGroup;
			children = (
				0F042F261C9BFE0100DA48E1 /* TabBarController */,
				0F042EF21C9BFDD500DA48E1 /* ViewController */,
			);
			path = Scenes;
			sourceTree = "<group>";
		};
		0F042EF21C9BFDD500DA48E1 /* ViewController */ = {
			isa = PBXGroup;
			children = (
				0F71452E1CAA52CF00AF5024 /* MatchData */,
				0F7229A11CA3C3C600CD2402 /* NewsAndVideos */,
				0F7229A01CA3C3BA00CD2402 /* Match */,
			);
			path = ViewController;
			sourceTree = "<group>";
		};
		0F042EF31C9BFDD500DA48E1 /* Vendors */ = {
			isa = PBXGroup;
			children = (
				0F6B4A141CCDD5B50002F1B6 /* Reachability.h */,
				0F6B4A151CCDD5B50002F1B6 /* Reachability.m */,
				0FFD79061CBCF6D600AFAE5D /* fmdb */,
				0F042F351C9C0CA500DA48E1 /* AFNetworking */,
				0F042EF41C9BFDD500DA48E1 /* SDWebImage */,
			);
			path = Vendors;
			sourceTree = "<group>";
		};
		0F042EF41C9BFDD500DA48E1 /* SDWebImage */ = {
			isa = PBXGroup;
			children = (
				0F042EF51C9BFDD500DA48E1 /* MKAnnotationView+WebCache.h */,
				0F042EF61C9BFDD500DA48E1 /* MKAnnotationView+WebCache.m */,
				0F042EF71C9BFDD500DA48E1 /* NSData+ImageContentType.h */,
				0F042EF81C9BFDD500DA48E1 /* NSData+ImageContentType.m */,
				0F042EF91C9BFDD500DA48E1 /* SDImageCache.h */,
				0F042EFA1C9BFDD500DA48E1 /* SDImageCache.m */,
				0F042EFB1C9BFDD500DA48E1 /* SDWebImageCompat.h */,
				0F042EFC1C9BFDD500DA48E1 /* SDWebImageCompat.m */,
				0F042EFD1C9BFDD500DA48E1 /* SDWebImageDecoder.h */,
				0F042EFE1C9BFDD500DA48E1 /* SDWebImageDecoder.m */,
				0F042EFF1C9BFDD500DA48E1 /* SDWebImageDownloader.h */,
				0F042F001C9BFDD500DA48E1 /* SDWebImageDownloader.m */,
				0F042F011C9BFDD500DA48E1 /* SDWebImageDownloaderOperation.h */,
				0F042F021C9BFDD500DA48E1 /* SDWebImageDownloaderOperation.m */,
				0F042F031C9BFDD500DA48E1 /* SDWebImageManager.h */,
				0F042F041C9BFDD500DA48E1 /* SDWebImageManager.m */,
				0F042F051C9BFDD500DA48E1 /* SDWebImageOperation.h */,
				0F042F061C9BFDD500DA48E1 /* SDWebImagePrefetcher.h */,
				0F042F071C9BFDD500DA48E1 /* SDWebImagePrefetcher.m */,
				0F042F081C9BFDD500DA48E1 /* UIButton+WebCache.h */,
				0F042F091C9BFDD500DA48E1 /* UIButton+WebCache.m */,
				0F042F0A1C9BFDD500DA48E1 /* UIImage+GIF.h */,
				0F042F0B1C9BFDD500DA48E1 /* UIImage+GIF.m */,
				0F042F0C1C9BFDD500DA48E1 /* UIImage+MultiFormat.h */,
				0F042F0D1C9BFDD500DA48E1 /* UIImage+MultiFormat.m */,
				0F042F0E1C9BFDD500DA48E1 /* UIImage+WebP.h */,
				0F042F0F1C9BFDD500DA48E1 /* UIImage+WebP.m */,
				0F042F101C9BFDD500DA48E1 /* UIImageView+HighlightedWebCache.h */,
				0F042F111C9BFDD500DA48E1 /* UIImageView+HighlightedWebCache.m */,
				0F042F121C9BFDD500DA48E1 /* UIImageView+WebCache.h */,
				0F042F131C9BFDD500DA48E1 /* UIImageView+WebCache.m */,
				0F042F141C9BFDD500DA48E1 /* UIView+WebCacheOperation.h */,
				0F042F151C9BFDD500DA48E1 /* UIView+WebCacheOperation.m */,
			);
			path = SDWebImage;
			sourceTree = "<group>";
		};
		0F042F261C9BFE0100DA48E1 /* TabBarController */ = {
			isa = PBXGroup;
			children = (
				0F042EE21C9BFCBD00DA48E1 /* TabBarController.h */,
				0F042EE31C9BFCBD00DA48E1 /* TabBarController.m */,
			);
			name = TabBarController;
			sourceTree = "<group>";
		};
		0F042F351C9C0CA500DA48E1 /* AFNetworking */ = {
			isa = PBXGroup;
			children = (
				0F042F361C9C0CA500DA48E1 /* AFNetworking */,
				0F042F4A1C9C0CA500DA48E1 /* UIKit+AFNetworking */,
			);
			path = AFNetworking;
			sourceTree = "<group>";
		};
		0F042F361C9C0CA500DA48E1 /* AFNetworking */ = {
			isa = PBXGroup;
			children = (
				0F042F371C9C0CA500DA48E1 /* AFHTTPRequestOperation.h */,
				0F042F381C9C0CA500DA48E1 /* AFHTTPRequestOperation.m */,
				0F042F391C9C0CA500DA48E1 /* AFHTTPRequestOperationManager.h */,
				0F042F3A1C9C0CA500DA48E1 /* AFHTTPRequestOperationManager.m */,
				0F042F3B1C9C0CA500DA48E1 /* AFHTTPSessionManager.h */,
				0F042F3C1C9C0CA500DA48E1 /* AFHTTPSessionManager.m */,
				0F042F3D1C9C0CA500DA48E1 /* AFNetworking.h */,
				0F042F3E1C9C0CA500DA48E1 /* AFNetworkReachabilityManager.h */,
				0F042F3F1C9C0CA500DA48E1 /* AFNetworkReachabilityManager.m */,
				0F042F401C9C0CA500DA48E1 /* AFSecurityPolicy.h */,
				0F042F411C9C0CA500DA48E1 /* AFSecurityPolicy.m */,
				0F042F421C9C0CA500DA48E1 /* AFURLConnectionOperation.h */,
				0F042F431C9C0CA500DA48E1 /* AFURLConnectionOperation.m */,
				0F042F441C9C0CA500DA48E1 /* AFURLRequestSerialization.h */,
				0F042F451C9C0CA500DA48E1 /* AFURLRequestSerialization.m */,
				0F042F461C9C0CA500DA48E1 /* AFURLResponseSerialization.h */,
				0F042F471C9C0CA500DA48E1 /* AFURLResponseSerialization.m */,
				0F042F481C9C0CA500DA48E1 /* AFURLSessionManager.h */,
				0F042F491C9C0CA500DA48E1 /* AFURLSessionManager.m */,
			);
			path = AFNetworking;
			sourceTree = "<group>";
		};
		0F042F4A1C9C0CA500DA48E1 /* UIKit+AFNetworking */ = {
			isa = PBXGroup;
			children = (
				0F042F4B1C9C0CA500DA48E1 /* AFNetworkActivityIndicatorManager.h */,
				0F042F4C1C9C0CA500DA48E1 /* AFNetworkActivityIndicatorManager.m */,
				0F042F4D1C9C0CA500DA48E1 /* UIActivityIndicatorView+AFNetworking.h */,
				0F042F4E1C9C0CA500DA48E1 /* UIActivityIndicatorView+AFNetworking.m */,
				0F042F4F1C9C0CA500DA48E1 /* UIAlertView+AFNetworking.h */,
				0F042F501C9C0CA500DA48E1 /* UIAlertView+AFNetworking.m */,
				0F042F511C9C0CA500DA48E1 /* UIButton+AFNetworking.h */,
				0F042F521C9C0CA500DA48E1 /* UIButton+AFNetworking.m */,
				0F042F531C9C0CA500DA48E1 /* UIImageView+AFNetworking.h */,
				0F042F541C9C0CA500DA48E1 /* UIImageView+AFNetworking.m */,
				0F042F551C9C0CA500DA48E1 /* UIKit+AFNetworking.h */,
				0F042F561C9C0CA500DA48E1 /* UIProgressView+AFNetworking.h */,
				0F042F571C9C0CA500DA48E1 /* UIProgressView+AFNetworking.m */,
				0F042F581C9C0CA500DA48E1 /* UIRefreshControl+AFNetworking.h */,
				0F042F591C9C0CA500DA48E1 /* UIRefreshControl+AFNetworking.m */,
				0F042F5A1C9C0CA500DA48E1 /* UIWebView+AFNetworking.h */,
				0F042F5B1C9C0CA500DA48E1 /* UIWebView+AFNetworking.m */,
			);
			path = "UIKit+AFNetworking";
			sourceTree = "<group>";
		};
		0F71452E1CAA52CF00AF5024 /* MatchData */ = {
			isa = PBXGroup;
			children = (
				0F71452F1CAA530900AF5024 /* MatchDataViewController.h */,
				0F7145301CAA530900AF5024 /* MatchDataViewController.m */,
			);
			name = MatchData;
			sourceTree = "<group>";
		};
		0F7229A01CA3C3BA00CD2402 /* Match */ = {
			isa = PBXGroup;
			children = (
				0F042F271C9BFE3B00DA48E1 /* MatchViewController.h */,
				0F042F281C9BFE3B00DA48E1 /* MatchViewController.m */,
			);
			name = Match;
			sourceTree = "<group>";
		};
		0F7229A11CA3C3C600CD2402 /* NewsAndVideos */ = {
			isa = PBXGroup;
			children = (
				0F7229A21CA3C41900CD2402 /* NewsAndVideosViewController.h */,
				0F7229A31CA3C41900CD2402 /* NewsAndVideosViewController.m */,
				0F7229A71CA3C66B00CD2402 /* Videos */,
				0F7229A51CA3C65C00CD2402 /* News */,
			);
			name = NewsAndVideos;
			sourceTree = "<group>";
		};
		0F7229A51CA3C65C00CD2402 /* News */ = {
			isa = PBXGroup;
			children = (
				0F7229A81CA3C67D00CD2402 /* NewsTableViewController.h */,
				0F7229A91CA3C67D00CD2402 /* NewsTableViewController.m */,
				0FFEBE471CA4F09F0035A04D /* NewsContentViewController.h */,
				0FFEBE481CA4F09F0035A04D /* NewsContentViewController.m */,
				0FFEBE491CA4F09F0035A04D /* NewsContentViewController.xib */,
			);
			name = News;
			sourceTree = "<group>";
		};
		0F7229A71CA3C66B00CD2402 /* Videos */ = {
			isa = PBXGroup;
			children = (
				0F7229AB1CA3C68700CD2402 /* VideosTableViewController.h */,
				0F7229AC1CA3C68700CD2402 /* VideosTableViewController.m */,
			);
			name = Videos;
			sourceTree = "<group>";
		};
		0FFD79061CBCF6D600AFAE5D /* fmdb */ = {
			isa = PBXGroup;
			children = (
				0FFD79071CBCF6D600AFAE5D /* FMDatabase.h */,
				0FFD79081CBCF6D600AFAE5D /* FMDatabase.m */,
				0FFD79091CBCF6D600AFAE5D /* FMDatabaseAdditions.h */,
				0FFD790A1CBCF6D600AFAE5D /* FMDatabaseAdditions.m */,
				0FFD790B1CBCF6D600AFAE5D /* FMDatabasePool.h */,
				0FFD790C1CBCF6D600AFAE5D /* FMDatabasePool.m */,
				0FFD790D1CBCF6D600AFAE5D /* FMDatabaseQueue.h */,
				0FFD790E1CBCF6D600AFAE5D /* FMDatabaseQueue.m */,
				0FFD790F1CBCF6D600AFAE5D /* FMDB.h */,
				0FFD79101CBCF6D600AFAE5D /* FMResultSet.h */,
				0FFD79111CBCF6D600AFAE5D /* FMResultSet.m */,
			);
			path = fmdb;
			sourceTree = "<group>";
		};
/* End PBXGroup section */

/* Begin PBXNativeTarget section */
		0F042EAB1C9BFC6A00DA48E1 /* Football_NewProject */ = {
			isa = PBXNativeTarget;
			buildConfigurationList = 0F042ED91C9BFC6A00DA48E1 /* Build configuration list for PBXNativeTarget "Football_NewProject" */;
			buildPhases = (
				0F042EA81C9BFC6A00DA48E1 /* Sources */,
				0F042EA91C9BFC6A00DA48E1 /* Frameworks */,
				0F042EAA1C9BFC6A00DA48E1 /* Resources */,
			);
			buildRules = (
			);
			dependencies = (
			);
			name = Football_NewProject;
			productName = Football_NewProject;
			productReference = 0F042EAC1C9BFC6A00DA48E1 /* Football_NewProject.app */;
			productType = "com.apple.product-type.application";
		};
		0F042EC41C9BFC6A00DA48E1 /* Football_NewProjectTests */ = {
			isa = PBXNativeTarget;
			buildConfigurationList = 0F042EDC1C9BFC6A00DA48E1 /* Build configuration list for PBXNativeTarget "Football_NewProjectTests" */;
			buildPhases = (
				0F042EC11C9BFC6A00DA48E1 /* Sources */,
				0F042EC21C9BFC6A00DA48E1 /* Frameworks */,
				0F042EC31C9BFC6A00DA48E1 /* Resources */,
			);
			buildRules = (
			);
			dependencies = (
				0F042EC71C9BFC6A00DA48E1 /* PBXTargetDependency */,
			);
			name = Football_NewProjectTests;
			productName = Football_NewProjectTests;
			productReference = 0F042EC51C9BFC6A00DA48E1 /* Football_NewProjectTests.xctest */;
			productType = "com.apple.product-type.bundle.unit-test";
		};
		0F042ECF1C9BFC6A00DA48E1 /* Football_NewProjectUITests */ = {
			isa = PBXNativeTarget;
			buildConfigurationList = 0F042EDF1C9BFC6A00DA48E1 /* Build configuration list for PBXNativeTarget "Football_NewProjectUITests" */;
			buildPhases = (
				0F042ECC1C9BFC6A00DA48E1 /* Sources */,
				0F042ECD1C9BFC6A00DA48E1 /* Frameworks */,
				0F042ECE1C9BFC6A00DA48E1 /* Resources */,
			);
			buildRules = (
			);
			dependencies = (
				0F042ED21C9BFC6A00DA48E1 /* PBXTargetDependency */,
			);
			name = Football_NewProjectUITests;
			productName = Football_NewProjectUITests;
			productReference = 0F042ED01C9BFC6A00DA48E1 /* Football_NewProjectUITests.xctest */;
			productType = "com.apple.product-type.bundle.ui-testing";
		};
/* End PBXNativeTarget section */

/* Begin PBXProject section */
		0F042EA41C9BFC6A00DA48E1 /* Project object */ = {
			isa = PBXProject;
			attributes = {
				LastUpgradeCheck = 0730;
				ORGANIZATIONNAME = maleGod;
				TargetAttributes = {
					0F042EAB1C9BFC6A00DA48E1 = {
						CreatedOnToolsVersion = 7.3;
						DevelopmentTeam = BH8DM43JM3;
					};
					0F042EC41C9BFC6A00DA48E1 = {
						CreatedOnToolsVersion = 7.3;
						DevelopmentTeam = GPV2SNSGBM;
						TestTargetID = 0F042EAB1C9BFC6A00DA48E1;
					};
					0F042ECF1C9BFC6A00DA48E1 = {
						CreatedOnToolsVersion = 7.3;
						DevelopmentTeam = GPV2SNSGBM;
						TestTargetID = 0F042EAB1C9BFC6A00DA48E1;
					};
				};
			};
			buildConfigurationList = 0F042EA71C9BFC6A00DA48E1 /* Build configuration list for PBXProject "Football_NewProject" */;
			compatibilityVersion = "Xcode 3.2";
			developmentRegion = English;
			hasScannedForEncodings = 0;
			knownRegions = (
				en,
				Base,
			);
			mainGroup = 0F042EA31C9BFC6A00DA48E1;
			productRefGroup = 0F042EAD1C9BFC6A00DA48E1 /* Products */;
			projectDirPath = "";
			projectRoot = "";
			targets = (
				0F042EAB1C9BFC6A00DA48E1 /* Football_NewProject */,
				0F042EC41C9BFC6A00DA48E1 /* Football_NewProjectTests */,
				0F042ECF1C9BFC6A00DA48E1 /* Football_NewProjectUITests */,
			);
		};
/* End PBXProject section */

/* Begin PBXResourcesBuildPhase section */
		0F042EAA1C9BFC6A00DA48E1 /* Resources */ = {
			isa = PBXResourcesBuildPhase;
			buildActionMask = 2147483647;
			files = (
				0F042F2F1C9C00C100DA48E1 /* PhotoTableViewCell.xib in Resources */,
				0F7145551CAA57DF00AF5024 /* MatchDataTableViewCell.xib in Resources */,
				0F64098E1CF7464E0027B7EE /* football.png in Resources */,
				0F042EBF1C9BFC6A00DA48E1 /* LaunchScreen.storyboard in Resources */,
				0F042EBC1C9BFC6A00DA48E1 /* Assets.xcassets in Resources */,
				0FFEBE4B1CA4F09F0035A04D /* NewsContentViewController.xib in Resources */,
				0F042F341C9C08C100DA48E1 /* MatchTableViewCell.xib in Resources */,
				0F64098F1CF7464E0027B7EE /* bar_graph.png in Resources */,
				0F477BB61CA4D8B500B33D6D /* NewsTableViewCell.xib in Resources */,
				0F6409901CF7464E0027B7EE /* Trophy.png in Resources */,
			);
			runOnlyForDeploymentPostprocessing = 0;
		};
		0F042EC31C9BFC6A00DA48E1 /* Resources */ = {
			isa = PBXResourcesBuildPhase;
			buildActionMask = 2147483647;
			files = (
			);
			runOnlyForDeploymentPostprocessing = 0;
		};
		0F042ECE1C9BFC6A00DA48E1 /* Resources */ = {
			isa = PBXResourcesBuildPhase;
			buildActionMask = 2147483647;
			files = (
			);
			runOnlyForDeploymentPostprocessing = 0;
		};
/* End PBXResourcesBuildPhase section */

/* Begin PBXSourcesBuildPhase section */
		0F042EA81C9BFC6A00DA48E1 /* Sources */ = {
			isa = PBXSourcesBuildPhase;
			buildActionMask = 2147483647;
			files = (
				0F042F611C9C0CA500DA48E1 /* AFURLConnectionOperation.m in Sources */,
				0F042F231C9BFDD500DA48E1 /* UIImageView+HighlightedWebCache.m in Sources */,
				0F6B4A191CCDD6780002F1B6 /* ReachabilityManager.m in Sources */,
				0F042F171C9BFDD500DA48E1 /* NSData+ImageContentType.m in Sources */,
				0F042F661C9C0CA500DA48E1 /* UIActivityIndicatorView+AFNetworking.m in Sources */,
				0F042F5C1C9C0CA500DA48E1 /* AFHTTPRequestOperation.m in Sources */,
				0F042F631C9C0CA500DA48E1 /* AFURLResponseSerialization.m in Sources */,
				0F042F1D1C9BFDD500DA48E1 /* SDWebImageManager.m in Sources */,
				0F042F691C9C0CA500DA48E1 /* UIImageView+AFNetworking.m in Sources */,
				0F042F6F1C9C0CCD00DA48E1 /* ConnectManager.m in Sources */,
				0F7145581CAA5A8100AF5024 /* MatchDataModel.m in Sources */,
				0F6B4A161CCDD5B50002F1B6 /* Reachability.m in Sources */,
				0F042F6C1C9C0CA500DA48E1 /* UIWebView+AFNetworking.m in Sources */,
				0F042F1B1C9BFDD500DA48E1 /* SDWebImageDownloader.m in Sources */,
				0F042F221C9BFDD500DA48E1 /* UIImage+WebP.m in Sources */,
				0FFD79141CBCF6D600AFAE5D /* FMDatabasePool.m in Sources */,
				0F042F331C9C08C100DA48E1 /* MatchTableViewCell.m in Sources */,
				0F042F251C9BFDD500DA48E1 /* UIView+WebCacheOperation.m in Sources */,
				0FFD79121CBCF6D600AFAE5D /* FMDatabase.m in Sources */,
				0F042F181C9BFDD500DA48E1 /* SDImageCache.m in Sources */,
				0F042EE41C9BFCBD00DA48E1 /* TabBarController.m in Sources */,
				0F042F601C9C0CA500DA48E1 /* AFSecurityPolicy.m in Sources */,
				0F042F641C9C0CA500DA48E1 /* AFURLSessionManager.m in Sources */,
				0F042F291C9BFE3B00DA48E1 /* MatchViewController.m in Sources */,
				0F042F681C9C0CA500DA48E1 /* UIButton+AFNetworking.m in Sources */,
				0F042F161C9BFDD500DA48E1 /* MKAnnotationView+WebCache.m in Sources */,
				0F042F5E1C9C0CA500DA48E1 /* AFHTTPSessionManager.m in Sources */,
				0FFEBE4E1CA8DB7D0035A04D /* NewsContentModel.m in Sources */,
				0F042F1A1C9BFDD500DA48E1 /* SDWebImageDecoder.m in Sources */,
				0F042F5F1C9C0CA500DA48E1 /* AFNetworkReachabilityManager.m in Sources */,
				0F042F211C9BFDD500DA48E1 /* UIImage+MultiFormat.m in Sources */,
				0F042F651C9C0CA500DA48E1 /* AFNetworkActivityIndicatorManager.m in Sources */,
				0FFD79161CBCF6D600AFAE5D /* FMResultSet.m in Sources */,
				0FFD79151CBCF6D600AFAE5D /* FMDatabaseQueue.m in Sources */,
				0F042F5D1C9C0CA500DA48E1 /* AFHTTPRequestOperationManager.m in Sources */,
				0F042F621C9C0CA500DA48E1 /* AFURLRequestSerialization.m in Sources */,
				0F042F1C1C9BFDD500DA48E1 /* SDWebImageDownloaderOperation.m in Sources */,
				0F042EB41C9BFC6A00DA48E1 /* AppDelegate.m in Sources */,
				0F477BB51CA4D8B500B33D6D /* NewsTableViewCell.m in Sources */,
				0F477BBF1CA4DD8E00B33D6D /* MatchModel.m in Sources */,
				0F7229AA1CA3C67D00CD2402 /* NewsTableViewController.m in Sources */,
				0F042F671C9C0CA500DA48E1 /* UIAlertView+AFNetworking.m in Sources */,
				0F042F1F1C9BFDD500DA48E1 /* UIButton+WebCache.m in Sources */,
				0F042F6B1C9C0CA500DA48E1 /* UIRefreshControl+AFNetworking.m in Sources */,
				0F7229A41CA3C41900CD2402 /* NewsAndVideosViewController.m in Sources */,
				0F042F6A1C9C0CA500DA48E1 /* UIProgressView+AFNetworking.m in Sources */,
				0FFEBE4A1CA4F09F0035A04D /* NewsContentViewController.m in Sources */,
				0F042F1E1C9BFDD500DA48E1 /* SDWebImagePrefetcher.m in Sources */,
				0F7145541CAA57DF00AF5024 /* MatchDataTableViewCell.m in Sources */,
				0F7229AD1CA3C68700CD2402 /* VideosTableViewController.m in Sources */,
				0F042F241C9BFDD500DA48E1 /* UIImageView+WebCache.m in Sources */,
				0F477BBC1CA4DBE100B33D6D /* NewsModel.m in Sources */,
				0F042F2E1C9C00C100DA48E1 /* PhotoTableViewCell.m in Sources */,
				0FFD79131CBCF6D600AFAE5D /* FMDatabaseAdditions.m in Sources */,
				0F042F191C9BFDD500DA48E1 /* SDWebImageCompat.m in Sources */,
				0F042F201C9BFDD500DA48E1 /* UIImage+GIF.m in Sources */,
				0F042EB11C9BFC6A00DA48E1 /* main.m in Sources */,
				0F7145311CAA530900AF5024 /* MatchDataViewController.m in Sources */,
			);
			runOnlyForDeploymentPostprocessing = 0;
		};
		0F042EC11C9BFC6A00DA48E1 /* Sources */ = {
			isa = PBXSourcesBuildPhase;
			buildActionMask = 2147483647;
			files = (
				0F042ECA1C9BFC6A00DA48E1 /* Football_NewProjectTests.m in Sources */,
			);
			runOnlyForDeploymentPostprocessing = 0;
		};
		0F042ECC1C9BFC6A00DA48E1 /* Sources */ = {
			isa = PBXSourcesBuildPhase;
			buildActionMask = 2147483647;
			files = (
				0F042ED51C9BFC6A00DA48E1 /* Football_NewProjectUITests.m in Sources */,
			);
			runOnlyForDeploymentPostprocessing = 0;
		};
/* End PBXSourcesBuildPhase section */

/* Begin PBXTargetDependency section */
		0F042EC71C9BFC6A00DA48E1 /* PBXTargetDependency */ = {
			isa = PBXTargetDependency;
			target = 0F042EAB1C9BFC6A00DA48E1 /* Football_NewProject */;
			targetProxy = 0F042EC61C9BFC6A00DA48E1 /* PBXContainerItemProxy */;
		};
		0F042ED21C9BFC6A00DA48E1 /* PBXTargetDependency */ = {
			isa = PBXTargetDependency;
			target = 0F042EAB1C9BFC6A00DA48E1 /* Football_NewProject */;
			targetProxy = 0F042ED11C9BFC6A00DA48E1 /* PBXContainerItemProxy */;
		};
/* End PBXTargetDependency section */

/* Begin PBXVariantGroup section */
		0F042EBD1C9BFC6A00DA48E1 /* LaunchScreen.storyboard */ = {
			isa = PBXVariantGroup;
			children = (
				0F042EBE1C9BFC6A00DA48E1 /* Base */,
			);
			name = LaunchScreen.storyboard;
			sourceTree = "<group>";
		};
/* End PBXVariantGroup section */

/* Begin XCBuildConfiguration section */
		0F042ED71C9BFC6A00DA48E1 /* Debug */ = {
			isa = XCBuildConfiguration;
			buildSettings = {
				ALWAYS_SEARCH_USER_PATHS = NO;
				CLANG_CXX_LANGUAGE_STANDARD = "gnu++0x";
				CLANG_CXX_LIBRARY = "libc++";
				CLANG_ENABLE_MODULES = YES;
				CLANG_ENABLE_OBJC_ARC = YES;
				CLANG_WARN_BOOL_CONVERSION = YES;
				CLANG_WARN_CONSTANT_CONVERSION = YES;
				CLANG_WARN_DIRECT_OBJC_ISA_USAGE = YES_ERROR;
				CLANG_WARN_EMPTY_BODY = YES;
				CLANG_WARN_ENUM_CONVERSION = YES;
				CLANG_WARN_INT_CONVERSION = YES;
				CLANG_WARN_OBJC_ROOT_CLASS = YES_ERROR;
				CLANG_WARN_UNREACHABLE_CODE = YES;
				CLANG_WARN__DUPLICATE_METHOD_MATCH = YES;
				"CODE_SIGN_IDENTITY[sdk=iphoneos*]" = "iPhone Developer";
				COPY_PHASE_STRIP = NO;
				DEBUG_INFORMATION_FORMAT = dwarf;
				ENABLE_STRICT_OBJC_MSGSEND = YES;
				ENABLE_TESTABILITY = YES;
				GCC_C_LANGUAGE_STANDARD = gnu99;
				GCC_DYNAMIC_NO_PIC = NO;
				GCC_NO_COMMON_BLOCKS = YES;
				GCC_OPTIMIZATION_LEVEL = 0;
				GCC_PREPROCESSOR_DEFINITIONS = (
					"DEBUG=1",
					"$(inherited)",
				);
				GCC_WARN_64_TO_32_BIT_CONVERSION = YES;
				GCC_WARN_ABOUT_RETURN_TYPE = YES_ERROR;
				GCC_WARN_UNDECLARED_SELECTOR = YES;
				GCC_WARN_UNINITIALIZED_AUTOS = YES_AGGRESSIVE;
				GCC_WARN_UNUSED_FUNCTION = YES;
				GCC_WARN_UNUSED_VARIABLE = YES;
				IPHONEOS_DEPLOYMENT_TARGET = 9.3;
				MTL_ENABLE_DEBUG_INFO = YES;
				ONLY_ACTIVE_ARCH = YES;
				SDKROOT = iphoneos;
			};
			name = Debug;
		};
		0F042ED81C9BFC6A00DA48E1 /* Release */ = {
			isa = XCBuildConfiguration;
			buildSettings = {
				ALWAYS_SEARCH_USER_PATHS = NO;
				CLANG_CXX_LANGUAGE_STANDARD = "gnu++0x";
				CLANG_CXX_LIBRARY = "libc++";
				CLANG_ENABLE_MODULES = YES;
				CLANG_ENABLE_OBJC_ARC = YES;
				CLANG_WARN_BOOL_CONVERSION = YES;
				CLANG_WARN_CONSTANT_CONVERSION = YES;
				CLANG_WARN_DIRECT_OBJC_ISA_USAGE = YES_ERROR;
				CLANG_WARN_EMPTY_BODY = YES;
				CLANG_WARN_ENUM_CONVERSION = YES;
				CLANG_WARN_INT_CONVERSION = YES;
				CLANG_WARN_OBJC_ROOT_CLASS = YES_ERROR;
				CLANG_WARN_UNREACHABLE_CODE = YES;
				CLANG_WARN__DUPLICATE_METHOD_MATCH = YES;
				"CODE_SIGN_IDENTITY[sdk=iphoneos*]" = "iPhone Developer";
				COPY_PHASE_STRIP = NO;
				DEBUG_INFORMATION_FORMAT = "dwarf-with-dsym";
				ENABLE_NS_ASSERTIONS = NO;
				ENABLE_STRICT_OBJC_MSGSEND = YES;
				GCC_C_LANGUAGE_STANDARD = gnu99;
				GCC_NO_COMMON_BLOCKS = YES;
				GCC_WARN_64_TO_32_BIT_CONVERSION = YES;
				GCC_WARN_ABOUT_RETURN_TYPE = YES_ERROR;
				GCC_WARN_UNDECLARED_SELECTOR = YES;
				GCC_WARN_UNINITIALIZED_AUTOS = YES_AGGRESSIVE;
				GCC_WARN_UNUSED_FUNCTION = YES;
				GCC_WARN_UNUSED_VARIABLE = YES;
				IPHONEOS_DEPLOYMENT_TARGET = 9.3;
				MTL_ENABLE_DEBUG_INFO = NO;
				SDKROOT = iphoneos;
				VALIDATE_PRODUCT = YES;
			};
			name = Release;
		};
		0F042EDA1C9BFC6A00DA48E1 /* Debug */ = {
			isa = XCBuildConfiguration;
			buildSettings = {
				ASSETCATALOG_COMPILER_APPICON_NAME = AppIcon;
				CODE_SIGN_IDENTITY = "iPhone Developer";
				"CODE_SIGN_IDENTITY[sdk=iphoneos*]" = "iPhone Developer";
				ENABLE_BITCODE = NO;
				GCC_PREFIX_HEADER = Football_NewProject/Classes/Macro/Football.pch;
				INFOPLIST_FILE = Football_NewProject/Info.plist;
				IPHONEOS_DEPLOYMENT_TARGET = 7.0;
				LD_RUNPATH_SEARCH_PATHS = "$(inherited) @executable_path/Frameworks";
				PRODUCT_BUNDLE_IDENTIFIER = "";
				PRODUCT_NAME = "$(TARGET_NAME)";
				PROVISIONING_PROFILE = "";
			};
			name = Debug;
		};
		0F042EDB1C9BFC6A00DA48E1 /* Release */ = {
			isa = XCBuildConfiguration;
			buildSettings = {
				ASSETCATALOG_COMPILER_APPICON_NAME = AppIcon;
				CODE_SIGN_IDENTITY = "iPhone Developer";
				"CODE_SIGN_IDENTITY[sdk=iphoneos*]" = "iPhone Developer";
				ENABLE_BITCODE = NO;
				GCC_PREFIX_HEADER = Football_NewProject/Classes/Macro/Football.pch;
				INFOPLIST_FILE = Football_NewProject/Info.plist;
				IPHONEOS_DEPLOYMENT_TARGET = 7.0;
				LD_RUNPATH_SEARCH_PATHS = "$(inherited) @executable_path/Frameworks";
				PRODUCT_BUNDLE_IDENTIFIER = "";
				PRODUCT_NAME = "$(TARGET_NAME)";
				PROVISIONING_PROFILE = "";
			};
			name = Release;
		};
		0F042EDD1C9BFC6A00DA48E1 /* Debug */ = {
			isa = XCBuildConfiguration;
			buildSettings = {
				BUNDLE_LOADER = "$(TEST_HOST)";
				INFOPLIST_FILE = Football_NewProjectTests/Info.plist;
				LD_RUNPATH_SEARCH_PATHS = "$(inherited) @executable_path/Frameworks @loader_path/Frameworks";
				PRODUCT_BUNDLE_IDENTIFIER = "com.maleGodIsMe.Football-NewProjectTests";
				PRODUCT_NAME = "$(TARGET_NAME)";
				TEST_HOST = "$(BUILT_PRODUCTS_DIR)/Football_NewProject.app/Football_NewProject";
			};
			name = Debug;
		};
		0F042EDE1C9BFC6A00DA48E1 /* Release */ = {
			isa = XCBuildConfiguration;
			buildSettings = {
				BUNDLE_LOADER = "$(TEST_HOST)";
				INFOPLIST_FILE = Football_NewProjectTests/Info.plist;
				LD_RUNPATH_SEARCH_PATHS = "$(inherited) @executable_path/Frameworks @loader_path/Frameworks";
				PRODUCT_BUNDLE_IDENTIFIER = "com.maleGodIsMe.Football-NewProjectTests";
				PRODUCT_NAME = "$(TARGET_NAME)";
				TEST_HOST = "$(BUILT_PRODUCTS_DIR)/Football_NewProject.app/Football_NewProject";
			};
			name = Release;
		};
		0F042EE01C9BFC6A00DA48E1 /* Debug */ = {
			isa = XCBuildConfiguration;
			buildSettings = {
				INFOPLIST_FILE = Football_NewProjectUITests/Info.plist;
				LD_RUNPATH_SEARCH_PATHS = "$(inherited) @executable_path/Frameworks @loader_path/Frameworks";
				PRODUCT_BUNDLE_IDENTIFIER = "com.maleGodIsMe.Football-NewProjectUITests";
				PRODUCT_NAME = "$(TARGET_NAME)";
				TEST_TARGET_NAME = Football_NewProject;
			};
			name = Debug;
		};
		0F042EE11C9BFC6A00DA48E1 /* Release */ = {
			isa = XCBuildConfiguration;
			buildSettings = {
				INFOPLIST_FILE = Football_NewProjectUITests/Info.plist;
				LD_RUNPATH_SEARCH_PATHS = "$(inherited) @executable_path/Frameworks @loader_path/Frameworks";
				PRODUCT_BUNDLE_IDENTIFIER = "com.maleGodIsMe.Football-NewProjectUITests";
				PRODUCT_NAME = "$(TARGET_NAME)";
				TEST_TARGET_NAME = Football_NewProject;
			};
			name = Release;
		};
/* End XCBuildConfiguration section */

/* Begin XCConfigurationList section */
		0F042EA71C9BFC6A00DA48E1 /* Build configuration list for PBXProject "Football_NewProject" */ = {
			isa = XCConfigurationList;
			buildConfigurations = (
				0F042ED71C9BFC6A00DA48E1 /* Debug */,
				0F042ED81C9BFC6A00DA48E1 /* Release */,
			);
			defaultConfigurationIsVisible = 0;
			defaultConfigurationName = Release;
		};
		0F042ED91C9BFC6A00DA48E1 /* Build configuration list for PBXNativeTarget "Football_NewProject" */ = {
			isa = XCConfigurationList;
			buildConfigurations = (
				0F042EDA1C9BFC6A00DA48E1 /* Debug */,
				0F042EDB1C9BFC6A00DA48E1 /* Release */,
			);
			defaultConfigurationIsVisible = 0;
			defaultConfigurationName = Release;
		};
		0F042EDC1C9BFC6A00DA48E1 /* Build configuration list for PBXNativeTarget "Football_NewProjectTests" */ = {
			isa = XCConfigurationList;
			buildConfigurations = (
				0F042EDD1C9BFC6A00DA48E1 /* Debug */,
				0F042EDE1C9BFC6A00DA48E1 /* Release */,
			);
			defaultConfigurationIsVisible = 0;
			defaultConfigurationName = Release;
		};
		0F042EDF1C9BFC6A00DA48E1 /* Build configuration list for PBXNativeTarget "Football_NewProjectUITests" */ = {
			isa = XCConfigurationList;
			buildConfigurations = (
				0F042EE01C9BFC6A00DA48E1 /* Debug */,
				0F042EE11C9BFC6A00DA48E1 /* Release */,
			);
			defaultConfigurationIsVisible = 0;
			defaultConfigurationName = Release;
		};
/* End XCConfigurationList section */
	};
	rootObject = 0F042EA41C9BFC6A00DA48E1 /* Project object */;
}
